// !$*UTF8*$!
{
	archiveVersion = 1;
	classes = {
	};
	objectVersion = 77;
	objects = {

/* Begin PBXBuildFile section */
		0107AC272D11C290000E1397 /* Constants.swift in Sources */ = {isa = PBXBuildFile; fileRef = 0107AC262D11C290000E1397 /* Constants.swift */; };
		011B4F922D0DCC950075C98A /* AppDelegate.swift in Sources */ = {isa = PBXBuildFile; fileRef = 011B4F8A2D0DCC950075C98A /* AppDelegate.swift */; };
		011B4F932D0DCC950075C98A /* NewsViewController.swift in Sources */ = {isa = PBXBuildFile; fileRef = 011B4F8F2D0DCC950075C98A /* NewsViewController.swift */; };
		011B4F942D0DCC950075C98A /* SceneDelegate.swift in Sources */ = {isa = PBXBuildFile; fileRef = 011B4F902D0DCC950075C98A /* SceneDelegate.swift */; };
		011B4F952D0DCC950075C98A /* Assets.xcassets in Resources */ = {isa = PBXBuildFile; fileRef = 011B4F8B2D0DCC950075C98A /* Assets.xcassets */; };
		011B4F972D0DCC950075C98A /* LaunchScreen.storyboard in Resources */ = {isa = PBXBuildFile; fileRef = 011B4F8E2D0DCC950075C98A /* LaunchScreen.storyboard */; };
		011B4F9E2D0DD5290075C98A /* NewsView.swift in Sources */ = {isa = PBXBuildFile; fileRef = 011B4F9D2D0DD5290075C98A /* NewsView.swift */; };
		011B4FAC2D0DD8A60075C98A /* NewsPresenter.swift in Sources */ = {isa = PBXBuildFile; fileRef = 011B4FAB2D0DD8A20075C98A /* NewsPresenter.swift */; };
		011B4FB02D0DD8D30075C98A /* NewsInteractor.swift in Sources */ = {isa = PBXBuildFile; fileRef = 011B4FAF2D0DD8D30075C98A /* NewsInteractor.swift */; };
		011B4FB32D0DE35C0075C98A /* NewsViewController+UITableViewDelegate.swift in Sources */ = {isa = PBXBuildFile; fileRef = 011B4FB22D0DE35C0075C98A /* NewsViewController+UITableViewDelegate.swift */; };
		011B4FB52D0DE3860075C98A /* UIView+Pin.swift in Sources */ = {isa = PBXBuildFile; fileRef = 011B4FB42D0DE3860075C98A /* UIView+Pin.swift */; };
		011B4FB72D0DE3AF0075C98A /* NewsViewController+UITableViewDataSource.swift in Sources */ = {isa = PBXBuildFile; fileRef = 011B4FB62D0DE3AF0075C98A /* NewsViewController+UITableViewDataSource.swift */; };
		011B4FB92D0DE7D40075C98A /* NewsBuisnessLogic.swift in Sources */ = {isa = PBXBuildFile; fileRef = 011B4FB82D0DE7D40075C98A /* NewsBuisnessLogic.swift */; };
		011B4FBB2D0DE7DF0075C98A /* NewsDataStore.swift in Sources */ = {isa = PBXBuildFile; fileRef = 011B4FBA2D0DE7DF0075C98A /* NewsDataStore.swift */; };
		011B4FBF2D0DEBAF0075C98A /* ArticleModel.swift in Sources */ = {isa = PBXBuildFile; fileRef = 011B4FBE2D0DEBAF0075C98A /* ArticleModel.swift */; };
		011B4FC12D0DEBDB0075C98A /* ImageContainer.swift in Sources */ = {isa = PBXBuildFile; fileRef = 011B4FC02D0DEBDB0075C98A /* ImageContainer.swift */; };
		011B4FC32D0DEC0A0075C98A /* NewsPage.swift in Sources */ = {isa = PBXBuildFile; fileRef = 011B4FC22D0DEC0A0075C98A /* NewsPage.swift */; };
		011B4FC62D0DF7100075C98A /* ArticleWorker.swift in Sources */ = {isa = PBXBuildFile; fileRef = 011B4FC52D0DF7100075C98A /* ArticleWorker.swift */; };
		011B4FC82D0DF7740075C98A /* NewsRouter.swift in Sources */ = {isa = PBXBuildFile; fileRef = 011B4FC72D0DF7740075C98A /* NewsRouter.swift */; };
		011B4FCA2D0DF7EF0075C98A /* NewsRouterProtocol.swift in Sources */ = {isa = PBXBuildFile; fileRef = 011B4FC92D0DF7EF0075C98A /* NewsRouterProtocol.swift */; };
		011B4FCC2D0DFD630075C98A /* NewsPresentationLogic.swift in Sources */ = {isa = PBXBuildFile; fileRef = 011B4FCB2D0DFD630075C98A /* NewsPresentationLogic.swift */; };
		011B4FCE2D0E0D3D0075C98A /* ArticleWorkerProtocol.swift in Sources */ = {isa = PBXBuildFile; fileRef = 011B4FCD2D0E0D3D0075C98A /* ArticleWorkerProtocol.swift */; };
		011B4FD02D0E0F590075C98A /* NewsDisplayProtocol.swift in Sources */ = {isa = PBXBuildFile; fileRef = 011B4FCF2D0E0F590075C98A /* NewsDisplayProtocol.swift */; };
		011B4FD22D0E2E640075C98A /* NewsAssembly.swift in Sources */ = {isa = PBXBuildFile; fileRef = 011B4FD12D0E2E640075C98A /* NewsAssembly.swift */; };
		011B4FD42D0E42A40075C98A /* ArticleCell.swift in Sources */ = {isa = PBXBuildFile; fileRef = 011B4FD32D0E42A40075C98A /* ArticleCell.swift */; };
		0168BEEF2D0F1FD40073EA62 /* WebViewController.swift in Sources */ = {isa = PBXBuildFile; fileRef = 0168BEEE2D0F1FD40073EA62 /* WebViewController.swift */; };
		01BD601E2D113EC000A132B6 /* WebView.swift in Sources */ = {isa = PBXBuildFile; fileRef = 01BD601D2D113EC000A132B6 /* WebView.swift */; };
		01BD60212D11513000A132B6 /* ImageLoader.swift in Sources */ = {isa = PBXBuildFile; fileRef = 01BD60202D11513000A132B6 /* ImageLoader.swift */; };
/* End PBXBuildFile section */

/* Begin PBXFileReference section */
		0107AC262D11C290000E1397 /* Constants.swift */ = {isa = PBXFileReference; lastKnownFileType = sourcecode.swift; path = Constants.swift; sourceTree = "<group>"; };
		011B4F722D0DB3F60075C98A /* dmalbondarenkoPW5.app */ = {isa = PBXFileReference; explicitFileType = wrapper.application; includeInIndex = 0; path = dmalbondarenkoPW5.app; sourceTree = BUILT_PRODUCTS_DIR; };
		011B4F8A2D0DCC950075C98A /* AppDelegate.swift */ = {isa = PBXFileReference; lastKnownFileType = sourcecode.swift; path = AppDelegate.swift; sourceTree = "<group>"; };
		011B4F8B2D0DCC950075C98A /* Assets.xcassets */ = {isa = PBXFileReference; lastKnownFileType = folder.assetcatalog; path = Assets.xcassets; sourceTree = "<group>"; };
		011B4F8C2D0DCC950075C98A /* Info.plist */ = {isa = PBXFileReference; lastKnownFileType = text.plist.xml; name = Info.plist; path = dmalbondarenkoPW5/App/Resources/Info.plist; sourceTree = SOURCE_ROOT; };
		011B4F8D2D0DCC950075C98A /* Base */ = {isa = PBXFileReference; lastKnownFileType = file.storyboard; name = Base; path = Base.lproj/LaunchScreen.storyboard; sourceTree = "<group>"; };
		011B4F8F2D0DCC950075C98A /* NewsViewController.swift */ = {isa = PBXFileReference; lastKnownFileType = sourcecode.swift; path = NewsViewController.swift; sourceTree = "<group>"; };
		011B4F902D0DCC950075C98A /* SceneDelegate.swift */ = {isa = PBXFileReference; lastKnownFileType = sourcecode.swift; path = SceneDelegate.swift; sourceTree = "<group>"; };
		011B4F9D2D0DD5290075C98A /* NewsView.swift */ = {isa = PBXFileReference; lastKnownFileType = sourcecode.swift; path = NewsView.swift; sourceTree = "<group>"; };
		011B4FAB2D0DD8A20075C98A /* NewsPresenter.swift */ = {isa = PBXFileReference; lastKnownFileType = sourcecode.swift; path = NewsPresenter.swift; sourceTree = "<group>"; };
		011B4FAF2D0DD8D30075C98A /* NewsInteractor.swift */ = {isa = PBXFileReference; lastKnownFileType = sourcecode.swift; path = NewsInteractor.swift; sourceTree = "<group>"; };
		011B4FB22D0DE35C0075C98A /* NewsViewController+UITableViewDelegate.swift */ = {isa = PBXFileReference; lastKnownFileType = sourcecode.swift; path = "NewsViewController+UITableViewDelegate.swift"; sourceTree = "<group>"; };
		011B4FB42D0DE3860075C98A /* UIView+Pin.swift */ = {isa = PBXFileReference; lastKnownFileType = sourcecode.swift; path = "UIView+Pin.swift"; sourceTree = "<group>"; };
		011B4FB62D0DE3AF0075C98A /* NewsViewController+UITableViewDataSource.swift */ = {isa = PBXFileReference; lastKnownFileType = sourcecode.swift; path = "NewsViewController+UITableViewDataSource.swift"; sourceTree = "<group>"; };
		011B4FB82D0DE7D40075C98A /* NewsBuisnessLogic.swift */ = {isa = PBXFileReference; lastKnownFileType = sourcecode.swift; path = NewsBuisnessLogic.swift; sourceTree = "<group>"; };
		011B4FBA2D0DE7DF0075C98A /* NewsDataStore.swift */ = {isa = PBXFileReference; lastKnownFileType = sourcecode.swift; path = NewsDataStore.swift; sourceTree = "<group>"; };
		011B4FBE2D0DEBAF0075C98A /* ArticleModel.swift */ = {isa = PBXFileReference; lastKnownFileType = sourcecode.swift; path = ArticleModel.swift; sourceTree = "<group>"; };
		011B4FC02D0DEBDB0075C98A /* ImageContainer.swift */ = {isa = PBXFileReference; lastKnownFileType = sourcecode.swift; path = ImageContainer.swift; sourceTree = "<group>"; };
		011B4FC22D0DEC0A0075C98A /* NewsPage.swift */ = {isa = PBXFileReference; lastKnownFileType = sourcecode.swift; path = NewsPage.swift; sourceTree = "<group>"; };
		011B4FC52D0DF7100075C98A /* ArticleWorker.swift */ = {isa = PBXFileReference; lastKnownFileType = sourcecode.swift; path = ArticleWorker.swift; sourceTree = "<group>"; };
		011B4FC72D0DF7740075C98A /* NewsRouter.swift */ = {isa = PBXFileReference; lastKnownFileType = sourcecode.swift; path = NewsRouter.swift; sourceTree = "<group>"; };
		011B4FC92D0DF7EF0075C98A /* NewsRouterProtocol.swift */ = {isa = PBXFileReference; lastKnownFileType = sourcecode.swift; path = NewsRouterProtocol.swift; sourceTree = "<group>"; };
		011B4FCB2D0DFD630075C98A /* NewsPresentationLogic.swift */ = {isa = PBXFileReference; lastKnownFileType = sourcecode.swift; path = NewsPresentationLogic.swift; sourceTree = "<group>"; };
		011B4FCD2D0E0D3D0075C98A /* ArticleWorkerProtocol.swift */ = {isa = PBXFileReference; lastKnownFileType = sourcecode.swift; path = ArticleWorkerProtocol.swift; sourceTree = "<group>"; };
		011B4FCF2D0E0F590075C98A /* NewsDisplayProtocol.swift */ = {isa = PBXFileReference; lastKnownFileType = sourcecode.swift; path = NewsDisplayProtocol.swift; sourceTree = "<group>"; };
		011B4FD12D0E2E640075C98A /* NewsAssembly.swift */ = {isa = PBXFileReference; lastKnownFileType = sourcecode.swift; path = NewsAssembly.swift; sourceTree = "<group>"; };
		011B4FD32D0E42A40075C98A /* ArticleCell.swift */ = {isa = PBXFileReference; lastKnownFileType = sourcecode.swift; path = ArticleCell.swift; sourceTree = "<group>"; };
		0168BEEE2D0F1FD40073EA62 /* WebViewController.swift */ = {isa = PBXFileReference; lastKnownFileType = sourcecode.swift; path = WebViewController.swift; sourceTree = "<group>"; };
		01BD601D2D113EC000A132B6 /* WebView.swift */ = {isa = PBXFileReference; lastKnownFileType = sourcecode.swift; path = WebView.swift; sourceTree = "<group>"; };
		01BD60202D11513000A132B6 /* ImageLoader.swift */ = {isa = PBXFileReference; lastKnownFileType = sourcecode.swift; path = ImageLoader.swift; sourceTree = "<group>"; };
/* End PBXFileReference section */

/* Begin PBXFrameworksBuildPhase section */
		011B4F6F2D0DB3F60075C98A /* Frameworks */ = {
			isa = PBXFrameworksBuildPhase;
			buildActionMask = 2147483647;
			files = (
			);
			runOnlyForDeploymentPostprocessing = 0;
		};
/* End PBXFrameworksBuildPhase section */

/* Begin PBXGroup section */
		011B4F692D0DB3F60075C98A = {
			isa = PBXGroup;
			children = (
				011B4F912D0DCC950075C98A /* dmalbondarenkoPW5 */,
				011B4F732D0DB3F60075C98A /* Products */,
			);
			sourceTree = "<group>";
		};
		011B4F732D0DB3F60075C98A /* Products */ = {
			isa = PBXGroup;
			children = (
				011B4F722D0DB3F60075C98A /* dmalbondarenkoPW5.app */,
			);
			name = Products;
			sourceTree = "<group>";
		};
		011B4F912D0DCC950075C98A /* dmalbondarenkoPW5 */ = {
			isa = PBXGroup;
			children = (
				01BD601F2D11422500A132B6 /* Extensions */,
				011B4FA12D0DD7FE0075C98A /* Modules */,
				011B4F9F2D0DD7C60075C98A /* App */,
			);
			path = dmalbondarenkoPW5;
			sourceTree = "<group>";
		};
		011B4F982D0DCC980075C98A /* News */ = {
			isa = PBXGroup;
			children = (
				011B4FD12D0E2E640075C98A /* NewsAssembly.swift */,
				011B4FC42D0DF70A0075C98A /* Worker */,
				011B4FA72D0DD8490075C98A /* Entity */,
				011B4F9C2D0DCCD50075C98A /* Router */,
				011B4F9B2D0DCCCB0075C98A /* Interactor */,
				011B4F9A2D0DCCBA0075C98A /* Presenter */,
				011B4F992D0DCCB00075C98A /* View */,
			);
			path = News;
			sourceTree = "<group>";
		};
		011B4F992D0DCCB00075C98A /* View */ = {
			isa = PBXGroup;
			children = (
				011B4FCF2D0E0F590075C98A /* NewsDisplayProtocol.swift */,
				011B4F8F2D0DCC950075C98A /* NewsViewController.swift */,
				011B4F9D2D0DD5290075C98A /* NewsView.swift */,
				011B4FB22D0DE35C0075C98A /* NewsViewController+UITableViewDelegate.swift */,
				011B4FB62D0DE3AF0075C98A /* NewsViewController+UITableViewDataSource.swift */,
				011B4FD32D0E42A40075C98A /* ArticleCell.swift */,
			);
			path = View;
			sourceTree = "<group>";
		};
		011B4F9A2D0DCCBA0075C98A /* Presenter */ = {
			isa = PBXGroup;
			children = (
				011B4FAB2D0DD8A20075C98A /* NewsPresenter.swift */,
				011B4FCB2D0DFD630075C98A /* NewsPresentationLogic.swift */,
			);
			path = Presenter;
			sourceTree = "<group>";
		};
		011B4F9B2D0DCCCB0075C98A /* Interactor */ = {
			isa = PBXGroup;
			children = (
				011B4FBA2D0DE7DF0075C98A /* NewsDataStore.swift */,
				011B4FB82D0DE7D40075C98A /* NewsBuisnessLogic.swift */,
				011B4FAF2D0DD8D30075C98A /* NewsInteractor.swift */,
			);
			path = Interactor;
			sourceTree = "<group>";
		};
		011B4F9C2D0DCCD50075C98A /* Router */ = {
			isa = PBXGroup;
			children = (
				011B4FC72D0DF7740075C98A /* NewsRouter.swift */,
				011B4FC92D0DF7EF0075C98A /* NewsRouterProtocol.swift */,
			);
			path = Router;
			sourceTree = "<group>";
		};
		011B4F9F2D0DD7C60075C98A /* App */ = {
			isa = PBXGroup;
			children = (
				011B4F8A2D0DCC950075C98A /* AppDelegate.swift */,
				011B4F902D0DCC950075C98A /* SceneDelegate.swift */,
				011B4FA02D0DD7D60075C98A /* Resources */,
			);
			path = App;
			sourceTree = "<group>";
		};
		011B4FA02D0DD7D60075C98A /* Resources */ = {
			isa = PBXGroup;
			children = (
				011B4F8C2D0DCC950075C98A /* Info.plist */,
				011B4F8B2D0DCC950075C98A /* Assets.xcassets */,
				011B4F8E2D0DCC950075C98A /* LaunchScreen.storyboard */,
			);
			path = Resources;
			sourceTree = "<group>";
		};
		011B4FA12D0DD7FE0075C98A /* Modules */ = {
			isa = PBXGroup;
			children = (
				011B4FA22D0DD80C0075C98A /* NewsDetail */,
				011B4F982D0DCC980075C98A /* News */,
			);
			path = Modules;
			sourceTree = "<group>";
		};
		011B4FA22D0DD80C0075C98A /* NewsDetail */ = {
			isa = PBXGroup;
			children = (
				0168BEEE2D0F1FD40073EA62 /* WebViewController.swift */,
				01BD601D2D113EC000A132B6 /* WebView.swift */,
			);
			path = NewsDetail;
			sourceTree = "<group>";
		};
		011B4FA72D0DD8490075C98A /* Entity */ = {
			isa = PBXGroup;
			children = (
				011B4FBE2D0DEBAF0075C98A /* ArticleModel.swift */,
				011B4FC02D0DEBDB0075C98A /* ImageContainer.swift */,
				011B4FC22D0DEC0A0075C98A /* NewsPage.swift */,
				01BD60202D11513000A132B6 /* ImageLoader.swift */,
				0107AC262D11C290000E1397 /* Constants.swift */,
			);
			path = Entity;
			sourceTree = "<group>";
		};
		011B4FC42D0DF70A0075C98A /* Worker */ = {
			isa = PBXGroup;
			children = (
				011B4FC52D0DF7100075C98A /* ArticleWorker.swift */,
				011B4FCD2D0E0D3D0075C98A /* ArticleWorkerProtocol.swift */,
			);
			path = Worker;
			sourceTree = "<group>";
		};
		01BD601F2D11422500A132B6 /* Extensions */ = {
			isa = PBXGroup;
			children = (
				011B4FB42D0DE3860075C98A /* UIView+Pin.swift */,
			);
			path = Extensions;
			sourceTree = "<group>";
		};
/* End PBXGroup section */

/* Begin PBXNativeTarget section */
		011B4F712D0DB3F60075C98A /* dmalbondarenkoPW5 */ = {
			isa = PBXNativeTarget;
			buildConfigurationList = 011B4F852D0DB3F70075C98A /* Build configuration list for PBXNativeTarget "dmalbondarenkoPW5" */;
			buildPhases = (
				011B4F6E2D0DB3F60075C98A /* Sources */,
				011B4F6F2D0DB3F60075C98A /* Frameworks */,
				011B4F702D0DB3F60075C98A /* Resources */,
			);
			buildRules = (
			);
			dependencies = (
			);
			name = dmalbondarenkoPW5;
			packageProductDependencies = (
			);
			productName = dmalbondarenkoPW5;
			productReference = 011B4F722D0DB3F60075C98A /* dmalbondarenkoPW5.app */;
			productType = "com.apple.product-type.application";
		};
/* End PBXNativeTarget section */

/* Begin PBXProject section */
		011B4F6A2D0DB3F60075C98A /* Project object */ = {
			isa = PBXProject;
			attributes = {
				BuildIndependentTargetsInParallel = 1;
				LastSwiftUpdateCheck = 1620;
				LastUpgradeCheck = 1620;
				TargetAttributes = {
					011B4F712D0DB3F60075C98A = {
						CreatedOnToolsVersion = 16.2;
					};
				};
			};
			buildConfigurationList = 011B4F6D2D0DB3F60075C98A /* Build configuration list for PBXProject "dmalbondarenkoPW5" */;
			developmentRegion = en;
			hasScannedForEncodings = 0;
			knownRegions = (
				en,
				Base,
			);
			mainGroup = 011B4F692D0DB3F60075C98A;
			minimizedProjectReferenceProxies = 1;
			preferredProjectObjectVersion = 77;
			productRefGroup = 011B4F732D0DB3F60075C98A /* Products */;
			projectDirPath = "";
			projectRoot = "";
			targets = (
				011B4F712D0DB3F60075C98A /* dmalbondarenkoPW5 */,
			);
		};
/* End PBXProject section */

/* Begin PBXResourcesBuildPhase section */
		011B4F702D0DB3F60075C98A /* Resources */ = {
			isa = PBXResourcesBuildPhase;
			buildActionMask = 2147483647;
			files = (
				011B4F952D0DCC950075C98A /* Assets.xcassets in Resources */,
				011B4F972D0DCC950075C98A /* LaunchScreen.storyboard in Resources */,
			);
			runOnlyForDeploymentPostprocessing = 0;
		};
/* End PBXResourcesBuildPhase section */

/* Begin PBXSourcesBuildPhase section */
		011B4F6E2D0DB3F60075C98A /* Sources */ = {
			isa = PBXSourcesBuildPhase;
			buildActionMask = 2147483647;
			files = (
				011B4FBF2D0DEBAF0075C98A /* ArticleModel.swift in Sources */,
				011B4FD22D0E2E640075C98A /* NewsAssembly.swift in Sources */,
				011B4FB02D0DD8D30075C98A /* NewsInteractor.swift in Sources */,
				011B4FD02D0E0F590075C98A /* NewsDisplayProtocol.swift in Sources */,
				011B4F922D0DCC950075C98A /* AppDelegate.swift in Sources */,
				011B4FC82D0DF7740075C98A /* NewsRouter.swift in Sources */,
				011B4F9E2D0DD5290075C98A /* NewsView.swift in Sources */,
				0107AC272D11C290000E1397 /* Constants.swift in Sources */,
				011B4F932D0DCC950075C98A /* NewsViewController.swift in Sources */,
				011B4F942D0DCC950075C98A /* SceneDelegate.swift in Sources */,
				01BD601E2D113EC000A132B6 /* WebView.swift in Sources */,
				011B4FB32D0DE35C0075C98A /* NewsViewController+UITableViewDelegate.swift in Sources */,
				011B4FD42D0E42A40075C98A /* ArticleCell.swift in Sources */,
				011B4FBB2D0DE7DF0075C98A /* NewsDataStore.swift in Sources */,
				011B4FB72D0DE3AF0075C98A /* NewsViewController+UITableViewDataSource.swift in Sources */,
				011B4FCC2D0DFD630075C98A /* NewsPresentationLogic.swift in Sources */,
				0168BEEF2D0F1FD40073EA62 /* WebViewController.swift in Sources */,
				011B4FCA2D0DF7EF0075C98A /* NewsRouterProtocol.swift in Sources */,
				01BD60212D11513000A132B6 /* ImageLoader.swift in Sources */,
				011B4FC32D0DEC0A0075C98A /* NewsPage.swift in Sources */,
				011B4FB92D0DE7D40075C98A /* NewsBuisnessLogic.swift in Sources */,
				011B4FC62D0DF7100075C98A /* ArticleWorker.swift in Sources */,
				011B4FB52D0DE3860075C98A /* UIView+Pin.swift in Sources */,
				011B4FAC2D0DD8A60075C98A /* NewsPresenter.swift in Sources */,
				011B4FCE2D0E0D3D0075C98A /* ArticleWorkerProtocol.swift in Sources */,
				011B4FC12D0DEBDB0075C98A /* ImageContainer.swift in Sources */,
			);
			runOnlyForDeploymentPostprocessing = 0;
		};
/* End PBXSourcesBuildPhase section */

/* Begin PBXVariantGroup section */
		011B4F8E2D0DCC950075C98A /* LaunchScreen.storyboard */ = {
			isa = PBXVariantGroup;
			children = (
				011B4F8D2D0DCC950075C98A /* Base */,
			);
			name = LaunchScreen.storyboard;
			sourceTree = "<group>";
		};
/* End PBXVariantGroup section */

/* Begin XCBuildConfiguration section */
		011B4F862D0DB3F70075C98A /* Debug */ = {
			isa = XCBuildConfiguration;
			buildSettings = {
				ASSETCATALOG_COMPILER_APPICON_NAME = AppIcon;
				ASSETCATALOG_COMPILER_GLOBAL_ACCENT_COLOR_NAME = AccentColor;
				CODE_SIGN_STYLE = Automatic;
				CURRENT_PROJECT_VERSION = 1;
				GENERATE_INFOPLIST_FILE = YES;
				INFOPLIST_FILE = dmalbondarenkoPW5/App/Resources/Info.plist;
				INFOPLIST_KEY_UIApplicationSupportsIndirectInputEvents = YES;
				INFOPLIST_KEY_UILaunchStoryboardName = LaunchScreen;
				INFOPLIST_KEY_UISupportedInterfaceOrientations_iPad = "UIInterfaceOrientationPortrait UIInterfaceOrientationPortraitUpsideDown UIInterfaceOrientationLandscapeLeft UIInterfaceOrientationLandscapeRight";
				INFOPLIST_KEY_UISupportedInterfaceOrientations_iPhone = "UIInterfaceOrientationPortrait UIInterfaceOrientationLandscapeLeft UIInterfaceOrientationLandscapeRight";
				IPHONEOS_DEPLOYMENT_TARGET = 18.0;
				LD_RUNPATH_SEARCH_PATHS = (
					"$(inherited)",
					"@executable_path/Frameworks",
				);
				MARKETING_VERSION = 1.0;
				PRODUCT_BUNDLE_IDENTIFIER = dread.dmalbondarenkoPW5;
				PRODUCT_NAME = "$(TARGET_NAME)";
				SWIFT_EMIT_LOC_STRINGS = YES;
				SWIFT_VERSION = 5.0;
				TARGETED_DEVICE_FAMILY = "1,2";
			};
			name = Debug;
		};
		011B4F872D0DB3F70075C98A /* Release */ = {
			isa = XCBuildConfiguration;
			buildSettings = {
				ASSETCATALOG_COMPILER_APPICON_NAME = AppIcon;
				ASSETCATALOG_COMPILER_GLOBAL_ACCENT_COLOR_NAME = AccentColor;
				CODE_SIGN_STYLE = Automatic;
				CURRENT_PROJECT_VERSION = 1;
				GENERATE_INFOPLIST_FILE = YES;
				INFOPLIST_FILE = dmalbondarenkoPW5/App/Resources/Info.plist;
				INFOPLIST_KEY_UIApplicationSupportsIndirectInputEvents = YES;
				INFOPLIST_KEY_UILaunchStoryboardName = LaunchScreen;
				INFOPLIST_KEY_UISupportedInterfaceOrientations_iPad = "UIInterfaceOrientationPortrait UIInterfaceOrientationPortraitUpsideDown UIInterfaceOrientationLandscapeLeft UIInterfaceOrientationLandscapeRight";
				INFOPLIST_KEY_UISupportedInterfaceOrientations_iPhone = "UIInterfaceOrientationPortrait UIInterfaceOrientationLandscapeLeft UIInterfaceOrientationLandscapeRight";
				IPHONEOS_DEPLOYMENT_TARGET = 18.0;
				LD_RUNPATH_SEARCH_PATHS = (
					"$(inherited)",
					"@executable_path/Frameworks",
				);
				MARKETING_VERSION = 1.0;
				PRODUCT_BUNDLE_IDENTIFIER = dread.dmalbondarenkoPW5;
				PRODUCT_NAME = "$(TARGET_NAME)";
				SWIFT_EMIT_LOC_STRINGS = YES;
				SWIFT_VERSION = 5.0;
				TARGETED_DEVICE_FAMILY = "1,2";
			};
			name = Release;
		};
		011B4F882D0DB3F70075C98A /* Debug */ = {
			isa = XCBuildConfiguration;
			buildSettings = {
				ALWAYS_SEARCH_USER_PATHS = NO;
				ASSETCATALOG_COMPILER_GENERATE_SWIFT_ASSET_SYMBOL_EXTENSIONS = YES;
				CLANG_ANALYZER_NONNULL = YES;
				CLANG_ANALYZER_NUMBER_OBJECT_CONVERSION = YES_AGGRESSIVE;
				CLANG_CXX_LANGUAGE_STANDARD = "gnu++20";
				CLANG_ENABLE_MODULES = YES;
				CLANG_ENABLE_OBJC_ARC = YES;
				CLANG_ENABLE_OBJC_WEAK = YES;
				CLANG_WARN_BLOCK_CAPTURE_AUTORELEASING = YES;
				CLANG_WARN_BOOL_CONVERSION = YES;
				CLANG_WARN_COMMA = YES;
				CLANG_WARN_CONSTANT_CONVERSION = YES;
				CLANG_WARN_DEPRECATED_OBJC_IMPLEMENTATIONS = YES;
				CLANG_WARN_DIRECT_OBJC_ISA_USAGE = YES_ERROR;
				CLANG_WARN_DOCUMENTATION_COMMENTS = YES;
				CLANG_WARN_EMPTY_BODY = YES;
				CLANG_WARN_ENUM_CONVERSION = YES;
				CLANG_WARN_INFINITE_RECURSION = YES;
				CLANG_WARN_INT_CONVERSION = YES;
				CLANG_WARN_NON_LITERAL_NULL_CONVERSION = YES;
				CLANG_WARN_OBJC_IMPLICIT_RETAIN_SELF = YES;
				CLANG_WARN_OBJC_LITERAL_CONVERSION = YES;
				CLANG_WARN_OBJC_ROOT_CLASS = YES_ERROR;
				CLANG_WARN_QUOTED_INCLUDE_IN_FRAMEWORK_HEADER = YES;
				CLANG_WARN_RANGE_LOOP_ANALYSIS = YES;
				CLANG_WARN_STRICT_PROTOTYPES = YES;
				CLANG_WARN_SUSPICIOUS_MOVE = YES;
				CLANG_WARN_UNGUARDED_AVAILABILITY = YES_AGGRESSIVE;
				CLANG_WARN_UNREACHABLE_CODE = YES;
				CLANG_WARN__DUPLICATE_METHOD_MATCH = YES;
				COPY_PHASE_STRIP = NO;
				DEBUG_INFORMATION_FORMAT = dwarf;
				ENABLE_STRICT_OBJC_MSGSEND = YES;
				ENABLE_TESTABILITY = YES;
				ENABLE_USER_SCRIPT_SANDBOXING = YES;
				GCC_C_LANGUAGE_STANDARD = gnu17;
				GCC_DYNAMIC_NO_PIC = NO;
				GCC_NO_COMMON_BLOCKS = YES;
				GCC_OPTIMIZATION_LEVEL = 0;
				GCC_PREPROCESSOR_DEFINITIONS = (
					"DEBUG=1",
					"$(inherited)",
				);
				GCC_WARN_64_TO_32_BIT_CONVERSION = YES;
				GCC_WARN_ABOUT_RETURN_TYPE = YES_ERROR;
				GCC_WARN_UNDECLARED_SELECTOR = YES;
				GCC_WARN_UNINITIALIZED_AUTOS = YES_AGGRESSIVE;
				GCC_WARN_UNUSED_FUNCTION = YES;
				GCC_WARN_UNUSED_VARIABLE = YES;
				IPHONEOS_DEPLOYMENT_TARGET = 18.2;
				LOCALIZATION_PREFERS_STRING_CATALOGS = YES;
				MTL_ENABLE_DEBUG_INFO = INCLUDE_SOURCE;
				MTL_FAST_MATH = YES;
				ONLY_ACTIVE_ARCH = YES;
				SDKROOT = iphoneos;
				SWIFT_ACTIVE_COMPILATION_CONDITIONS = "DEBUG $(inherited)";
				SWIFT_OPTIMIZATION_LEVEL = "-Onone";
			};
			name = Debug;
		};
		011B4F892D0DB3F70075C98A /* Release */ = {
			isa = XCBuildConfiguration;
			buildSettings = {
				ALWAYS_SEARCH_USER_PATHS = NO;
				ASSETCATALOG_COMPILER_GENERATE_SWIFT_ASSET_SYMBOL_EXTENSIONS = YES;
				CLANG_ANALYZER_NONNULL = YES;
				CLANG_ANALYZER_NUMBER_OBJECT_CONVERSION = YES_AGGRESSIVE;
				CLANG_CXX_LANGUAGE_STANDARD = "gnu++20";
				CLANG_ENABLE_MODULES = YES;
				CLANG_ENABLE_OBJC_ARC = YES;
				CLANG_ENABLE_OBJC_WEAK = YES;
				CLANG_WARN_BLOCK_CAPTURE_AUTORELEASING = YES;
				CLANG_WARN_BOOL_CONVERSION = YES;
				CLANG_WARN_COMMA = YES;
				CLANG_WARN_CONSTANT_CONVERSION = YES;
				CLANG_WARN_DEPRECATED_OBJC_IMPLEMENTATIONS = YES;
				CLANG_WARN_DIRECT_OBJC_ISA_USAGE = YES_ERROR;
				CLANG_WARN_DOCUMENTATION_COMMENTS = YES;
				CLANG_WARN_EMPTY_BODY = YES;
				CLANG_WARN_ENUM_CONVERSION = YES;
				CLANG_WARN_INFINITE_RECURSION = YES;
				CLANG_WARN_INT_CONVERSION = YES;
				CLANG_WARN_NON_LITERAL_NULL_CONVERSION = YES;
				CLANG_WARN_OBJC_IMPLICIT_RETAIN_SELF = YES;
				CLANG_WARN_OBJC_LITERAL_CONVERSION = YES;
				CLANG_WARN_OBJC_ROOT_CLASS = YES_ERROR;
				CLANG_WARN_QUOTED_INCLUDE_IN_FRAMEWORK_HEADER = YES;
				CLANG_WARN_RANGE_LOOP_ANALYSIS = YES;
				CLANG_WARN_STRICT_PROTOTYPES = YES;
				CLANG_WARN_SUSPICIOUS_MOVE = YES;
				CLANG_WARN_UNGUARDED_AVAILABILITY = YES_AGGRESSIVE;
				CLANG_WARN_UNREACHABLE_CODE = YES;
				CLANG_WARN__DUPLICATE_METHOD_MATCH = YES;
				COPY_PHASE_STRIP = NO;
				DEBUG_INFORMATION_FORMAT = "dwarf-with-dsym";
				ENABLE_NS_ASSERTIONS = NO;
				ENABLE_STRICT_OBJC_MSGSEND = YES;
				ENABLE_USER_SCRIPT_SANDBOXING = YES;
				GCC_C_LANGUAGE_STANDARD = gnu17;
				GCC_NO_COMMON_BLOCKS = YES;
				GCC_WARN_64_TO_32_BIT_CONVERSION = YES;
				GCC_WARN_ABOUT_RETURN_TYPE = YES_ERROR;
				GCC_WARN_UNDECLARED_SELECTOR = YES;
				GCC_WARN_UNINITIALIZED_AUTOS = YES_AGGRESSIVE;
				GCC_WARN_UNUSED_FUNCTION = YES;
				GCC_WARN_UNUSED_VARIABLE = YES;
				IPHONEOS_DEPLOYMENT_TARGET = 18.2;
				LOCALIZATION_PREFERS_STRING_CATALOGS = YES;
				MTL_ENABLE_DEBUG_INFO = NO;
				MTL_FAST_MATH = YES;
				SDKROOT = iphoneos;
				SWIFT_COMPILATION_MODE = wholemodule;
				VALIDATE_PRODUCT = YES;
			};
			name = Release;
		};
/* End XCBuildConfiguration section */

/* Begin XCConfigurationList section */
		011B4F6D2D0DB3F60075C98A /* Build configuration list for PBXProject "dmalbondarenkoPW5" */ = {
			isa = XCConfigurationList;
			buildConfigurations = (
				011B4F882D0DB3F70075C98A /* Debug */,
				011B4F892D0DB3F70075C98A /* Release */,
			);
			defaultConfigurationIsVisible = 0;
			defaultConfigurationName = Release;
		};
		011B4F852D0DB3F70075C98A /* Build configuration list for PBXNativeTarget "dmalbondarenkoPW5" */ = {
			isa = XCConfigurationList;
			buildConfigurations = (
				011B4F862D0DB3F70075C98A /* Debug */,
				011B4F872D0DB3F70075C98A /* Release */,
			);
			defaultConfigurationIsVisible = 0;
			defaultConfigurationName = Release;
		};
/* End XCConfigurationList section */
	};
	rootObject = 011B4F6A2D0DB3F60075C98A /* Project object */;
}
